{
  "originHash" : "b58aa3b76eeba094fe96ae1c2dd29b62f7ab1c122d7aa97aa403ec87da012c20",
  "pins" : [
    {
      "identity" : "path",
      "kind" : "remoteSourceControl",
      "location" : "https://github.com/tuist/Path",
      "state" : {
        "revision" : "7c74ac435e03a927c3a73134c48b61e60221abcb",
        "version" : "0.3.8"
      }
    }
  ],
  "version" : 3
}
